<?xml version="1.0" encoding="utf-8"?>
<Project ToolsVersion="4.0" xmlns="http://schemas.microsoft.com/developer/msbuild/2003">
  <ItemGroup>
    <Filter Include="Library">
      <UniqueIdentifier>{d5173dcf-2786-4f98-bd55-d03549637dfe}</UniqueIdentifier>
    </Filter>
    <Filter Include="Src">
      <UniqueIdentifier>{80d0a5a9-6779-4863-bede-cc22a4986dc5}</UniqueIdentifier>
    </Filter>
    <Filter Include="Src\System">
      <UniqueIdentifier>{f5928314-3ee2-4e39-abfa-d93aa9ee5891}</UniqueIdentifier>
    </Filter>
    <Filter Include="Src\System\Direct3D">
      <UniqueIdentifier>{f193abd5-e51c-466e-a937-722bc9175e9a}</UniqueIdentifier>
    </Filter>
    <Filter Include="Src\System\Utility">
      <UniqueIdentifier>{f5d733b1-5031-4659-a9d4-0dd3add1e5fb}</UniqueIdentifier>
    </Filter>
    <Filter Include="Src\System\Window">
      <UniqueIdentifier>{cb022f2a-c5a2-449b-9b70-5110aff8550f}</UniqueIdentifier>
    </Filter>
    <Filter Include="Library\imgui">
      <UniqueIdentifier>{85e2ada7-3d34-4892-b70a-8b9a433f7438}</UniqueIdentifier>
    </Filter>
    <Filter Include="Library\tinygltf">
      <UniqueIdentifier>{307bfbcd-124f-4ad7-85f5-3fd94f814b1f}</UniqueIdentifier>
    </Filter>
    <Filter Include="Src\System\Shader">
      <UniqueIdentifier>{93543c0c-58fe-4a94-8279-7be3021b65b1}</UniqueIdentifier>
    </Filter>
    <Filter Include="Src\System\Shader\EffectShader">
      <UniqueIdentifier>{3ed945a9-befa-4db2-b780-7714e82626ed}</UniqueIdentifier>
    </Filter>
    <Filter Include="Src\System\Shader\SpriteShader">
      <UniqueIdentifier>{2da4d471-f4e8-4b2d-bdef-b93f91523b8b}</UniqueIdentifier>
    </Filter>
    <Filter Include="Src\System\Shader\StandardShader">
      <UniqueIdentifier>{0a93a6dd-bb60-46dc-820f-6aea10b3b02f}</UniqueIdentifier>
    </Filter>
    <Filter Include="Src\Application">
      <UniqueIdentifier>{d0d0f9cf-dabd-4346-bc9a-d9c04cf42372}</UniqueIdentifier>
    </Filter>
    <Filter Include="Src\System\Audio">
      <UniqueIdentifier>{667d1cb1-5ae5-476f-acd5-14b7d294a95a}</UniqueIdentifier>
    </Filter>
    <Filter Include="Src\Application\Scene">
      <UniqueIdentifier>{6792b9af-a22c-468a-97d7-3399d0a619c9}</UniqueIdentifier>
    </Filter>
    <Filter Include="Src\Application\Scene\GameScene">
      <UniqueIdentifier>{09304589-1e5e-4e5f-9c87-9688e93d5b0c}</UniqueIdentifier>
    </Filter>
    <Filter Include="Src\Application\Scene\TitleScene">
      <UniqueIdentifier>{bfeedca8-aa66-4fb9-bdb7-5d4267d647f8}</UniqueIdentifier>
    </Filter>
    <Filter Include="Src\Application\Scene\GameScene\Object">
      <UniqueIdentifier>{14fd1c8e-11ab-4159-a7c3-428e7f000fb6}</UniqueIdentifier>
    </Filter>
    <Filter Include="Src\Application\Scene\GameScene\Object\Player">
      <UniqueIdentifier>{cbda7fd5-7546-4629-9ecd-574333128266}</UniqueIdentifier>
    </Filter>
    <Filter Include="Src\Application\Scene\GameScene\Object\Back">
      <UniqueIdentifier>{68eb112f-ced2-40e8-9368-463aaba19d55}</UniqueIdentifier>
    </Filter>
    <Filter Include="Src\Application\Scene\GameScene\Object\Bullet">
      <UniqueIdentifier>{d689d0df-0ff5-49a5-8dc5-f081019e9bb7}</UniqueIdentifier>
    </Filter>
    <Filter Include="Src\Application\Scene\GameScene\Object\Enemy">
      <UniqueIdentifier>{3a13ac4e-0082-42f4-9b1c-ab867ca834f2}</UniqueIdentifier>
    </Filter>
    <Filter Include="Src\Application\Scene\GameScene\Object\Enemy\Enemy1">
      <UniqueIdentifier>{6b13a23a-fb5b-4bd3-b59d-5db6bd7e7074}</UniqueIdentifier>
    </Filter>
    <Filter Include="Src\Application\Scene\GameScene\Collision">
      <UniqueIdentifier>{c077f689-efb4-45cd-b949-ce346b4f3dbf}</UniqueIdentifier>
    </Filter>
    <Filter Include="Src\Application\Scene\GameScene\Object\Enemy\Enemy2">
      <UniqueIdentifier>{e498a176-6401-4851-a6c5-fba2549dac47}</UniqueIdentifier>
    </Filter>
    <Filter Include="Src\Application\Scene\GameScene\Object\Enemy\Enemy3">
      <UniqueIdentifier>{80418d55-295b-4cb4-80a8-a7ff8b346056}</UniqueIdentifier>
    </Filter>
    <Filter Include="Src\Application\Scene\GameScene\Object\Rocket">
      <UniqueIdentifier>{98dfca35-087f-445f-aa51-7f03fa1bf3df}</UniqueIdentifier>
    </Filter>
    <Filter Include="Src\Application\Scene\GameScene\Object\Item">
      <UniqueIdentifier>{c2cb42df-4da1-4348-a872-f6dca9faeb0d}</UniqueIdentifier>
    </Filter>
    <Filter Include="Src\Application\Scene\GameScene\Object\Item\Energy">
      <UniqueIdentifier>{bf0dfd9d-4ad3-4e13-9762-3bd2782347d1}</UniqueIdentifier>
    </Filter>
    <Filter Include="Src\Application\Scene\GameScene\UI">
      <UniqueIdentifier>{fcb33492-6281-451c-9832-384b04d76258}</UniqueIdentifier>
    </Filter>
  </ItemGroup>
  <ItemGroup>
    <ClInclude Include="src\Pch.h">
      <Filter>Src</Filter>
    </ClInclude>
    <ClInclude Include="..\Library\imgui\imconfig.h">
      <Filter>Library\imgui</Filter>
    </ClInclude>
    <ClInclude Include="..\Library\imgui\imgui.h">
      <Filter>Library\imgui</Filter>
    </ClInclude>
    <ClInclude Include="..\Library\imgui\imgui_impl_dx11.h">
      <Filter>Library\imgui</Filter>
    </ClInclude>
    <ClInclude Include="..\Library\imgui\imgui_impl_win32.h">
      <Filter>Library\imgui</Filter>
    </ClInclude>
    <ClInclude Include="..\Library\imgui\imgui_internal.h">
      <Filter>Library\imgui</Filter>
    </ClInclude>
    <ClInclude Include="..\Library\imgui\imstb_rectpack.h">
      <Filter>Library\imgui</Filter>
    </ClInclude>
    <ClInclude Include="..\Library\imgui\imstb_textedit.h">
      <Filter>Library\imgui</Filter>
    </ClInclude>
    <ClInclude Include="..\Library\imgui\imstb_truetype.h">
      <Filter>Library\imgui</Filter>
    </ClInclude>
    <ClInclude Include="..\Library\imgui\ja_glyph_ranges.h">
      <Filter>Library\imgui</Filter>
    </ClInclude>
    <ClInclude Include="..\Library\tinygltf\json.hpp">
      <Filter>Library\tinygltf</Filter>
    </ClInclude>
    <ClInclude Include="..\Library\tinygltf\stb_image.h">
      <Filter>Library\tinygltf</Filter>
    </ClInclude>
    <ClInclude Include="..\Library\tinygltf\stb_image_write.h">
      <Filter>Library\tinygltf</Filter>
    </ClInclude>
    <ClInclude Include="..\Library\tinygltf\tiny_gltf.h">
      <Filter>Library\tinygltf</Filter>
    </ClInclude>
    <ClInclude Include="Src\Application\main.h">
      <Filter>Src\Application</Filter>
    </ClInclude>
    <ClInclude Include="src\System\Direct3D\KdDirect3D.h">
      <Filter>Src\System\Direct3D</Filter>
    </ClInclude>
    <ClInclude Include="src\System\Direct3D\KdModel.h">
      <Filter>Src\System\Direct3D</Filter>
    </ClInclude>
    <ClInclude Include="src\System\Direct3D\KdTexture.h">
      <Filter>Src\System\Direct3D</Filter>
    </ClInclude>
    <ClInclude Include="src\System\Direct3D\KdBuffer.h">
      <Filter>Src\System\Direct3D</Filter>
    </ClInclude>
    <ClInclude Include="Src\System\Direct3D\KdDirect3DHelper.h">
      <Filter>Src\System\Direct3D</Filter>
    </ClInclude>
    <ClInclude Include="Src\System\Audio\KdAudio.h">
      <Filter>Src\System\Audio</Filter>
    </ClInclude>
    <ClInclude Include="Src\System\Direct3D\KdGLTFLoader.h">
      <Filter>Src\System\Direct3D</Filter>
    </ClInclude>
    <ClInclude Include="Src\System\Shader\KdShaderManager.h">
      <Filter>Src\System\Shader</Filter>
    </ClInclude>
    <ClInclude Include="Src\System\Shader\EffectShader\KdEffectShader.h">
      <Filter>Src\System\Shader\EffectShader</Filter>
    </ClInclude>
    <ClInclude Include="Src\System\Shader\SpriteShader\KdSpriteShader.h">
      <Filter>Src\System\Shader\SpriteShader</Filter>
    </ClInclude>
    <ClInclude Include="Src\System\Shader\StandardShader\KdStandardShader.h">
      <Filter>Src\System\Shader\StandardShader</Filter>
    </ClInclude>
    <ClInclude Include="src\System\Utility\KdUtility.h">
      <Filter>Src\System\Utility</Filter>
    </ClInclude>
    <ClInclude Include="src\System\Window\KdGameWindow.h">
      <Filter>Src\System\Window</Filter>
    </ClInclude>
    <ClInclude Include="src\System\KdSystem.h">
      <Filter>Src\System</Filter>
    </ClInclude>
    <ClInclude Include="..\Library\strconv.h">
      <Filter>Library</Filter>
    </ClInclude>
    <ClInclude Include="Src\Application\Scene.h">
      <Filter>Src\Application</Filter>
    </ClInclude>
    <ClInclude Include="Src\Application\Scene\SceneManager.h">
      <Filter>Src\Application\Scene</Filter>
    </ClInclude>
    <ClInclude Include="Src\Application\Scene\GameScene\GameScene.h">
      <Filter>Src\Application\Scene\GameScene</Filter>
    </ClInclude>
    <ClInclude Include="Src\Application\Scene\TitleScene\TitleScene.h">
      <Filter>Src\Application\Scene\TitleScene</Filter>
    </ClInclude>
    <ClInclude Include="Src\Application\Scene\BaseScene.h">
      <Filter>Src\Application\Scene</Filter>
    </ClInclude>
    <ClInclude Include="Src\Application\Scene\GameScene\Object\Player\Player.h">
      <Filter>Src\Application\Scene\GameScene\Object\Player</Filter>
    </ClInclude>
    <ClInclude Include="Src\Application\Scene\GameScene\Object\BaseObject.h">
      <Filter>Src\Application\Scene\GameScene\Object</Filter>
    </ClInclude>
    <ClInclude Include="Src\Application\Scene\GameScene\Object\Back\Back.h">
      <Filter>Src\Application\Scene\GameScene\Object\Back</Filter>
    </ClInclude>
    <ClInclude Include="Src\Application\Scene\GameScene\Object\Bullet\Bullet.h">
      <Filter>Src\Application\Scene\GameScene\Object\Bullet</Filter>
    </ClInclude>
    <ClInclude Include="Src\Application\Scene\GameScene\Object\Bullet\BulletManager.h">
      <Filter>Src\Application\Scene\GameScene\Object\Bullet</Filter>
    </ClInclude>
    <ClInclude Include="Src\Application\Scene\GameScene\Object\Enemy\Enemy1\Enemy1.h">
      <Filter>Src\Application\Scene\GameScene\Object\Enemy\Enemy1</Filter>
    </ClInclude>
    <ClInclude Include="Src\Application\Scene\GameScene\Collision\CollisionManager.h">
      <Filter>Src\Application\Scene\GameScene\Collision</Filter>
    </ClInclude>
    <ClInclude Include="Src\Application\Scene\GameScene\Object\Enemy\Enemy2\Enemy2.h">
      <Filter>Src\Application\Scene\GameScene\Object\Enemy\Enemy2</Filter>
    </ClInclude>
    <ClInclude Include="Src\Application\Scene\GameScene\Object\Enemy\Enemy3\Enemy3.h">
      <Filter>Src\Application\Scene\GameScene\Object\Enemy\Enemy3</Filter>
    </ClInclude>
    <ClInclude Include="Src\Application\Scene\GameScene\Object\Rocket\Rocket.h">
      <Filter>Src\Application\Scene\GameScene\Object\Rocket</Filter>
    </ClInclude>
    <ClInclude Include="Src\Application\Scene\GameScene\Object\Item\Energy\Energy.h">
      <Filter>Src\Application\Scene\GameScene\Object\Item\Energy</Filter>
    </ClInclude>
    <ClInclude Include="Src\Application\Scene\GameScene\Object\Enemy\EnemyManager.h">
      <Filter>Src\Application\Scene\GameScene\Object\Enemy</Filter>
    </ClInclude>
    <ClInclude Include="Src\Application\Scene\GameScene\UI\UIManager.h">
      <Filter>Src\Application\Scene\GameScene\UI</Filter>
    </ClInclude>
  </ItemGroup>
  <ItemGroup>
    <ClCompile Include="src\Pch.cpp">
      <Filter>Src</Filter>
    </ClCompile>
    <ClCompile Include="..\Library\imgui\imgui.cpp">
      <Filter>Library\imgui</Filter>
    </ClCompile>
    <ClCompile Include="..\Library\imgui\imgui_demo.cpp">
      <Filter>Library\imgui</Filter>
    </ClCompile>
    <ClCompile Include="..\Library\imgui\imgui_draw.cpp">
      <Filter>Library\imgui</Filter>
    </ClCompile>
    <ClCompile Include="..\Library\imgui\imgui_impl_dx11.cpp">
      <Filter>Library\imgui</Filter>
    </ClCompile>
    <ClCompile Include="..\Library\imgui\imgui_impl_win32.cpp">
      <Filter>Library\imgui</Filter>
    </ClCompile>
    <ClCompile Include="..\Library\imgui\imgui_widgets.cpp">
      <Filter>Library\imgui</Filter>
    </ClCompile>
    <ClCompile Include="Src\Application\main.cpp">
      <Filter>Src\Application</Filter>
    </ClCompile>
    <ClCompile Include="src\System\Direct3D\KdDirect3D.cpp">
      <Filter>Src\System\Direct3D</Filter>
    </ClCompile>
    <ClCompile Include="src\System\Direct3D\KdModel.cpp">
      <Filter>Src\System\Direct3D</Filter>
    </ClCompile>
    <ClCompile Include="src\System\Direct3D\KdTexture.cpp">
      <Filter>Src\System\Direct3D</Filter>
    </ClCompile>
    <ClCompile Include="src\System\Direct3D\KdBuffer.cpp">
      <Filter>Src\System\Direct3D</Filter>
    </ClCompile>
    <ClCompile Include="Src\System\Direct3D\KdDirect3DHelper.cpp">
      <Filter>Src\System\Direct3D</Filter>
    </ClCompile>
    <ClCompile Include="Src\System\Audio\KdAudio.cpp">
      <Filter>Src\System\Audio</Filter>
    </ClCompile>
    <ClCompile Include="Src\System\Direct3D\KdGLTFLoader.cpp">
      <Filter>Src\System\Direct3D</Filter>
    </ClCompile>
    <ClCompile Include="Src\System\Shader\KdShaderManager.cpp">
      <Filter>Src\System\Shader</Filter>
    </ClCompile>
    <ClCompile Include="Src\System\Shader\EffectShader\KdEffectShader.cpp">
      <Filter>Src\System\Shader\EffectShader</Filter>
    </ClCompile>
    <ClCompile Include="Src\System\Shader\SpriteShader\KdSpriteShader.cpp">
      <Filter>Src\System\Shader\SpriteShader</Filter>
    </ClCompile>
    <ClCompile Include="Src\System\Shader\StandardShader\KdStandardShader.cpp">
      <Filter>Src\System\Shader\StandardShader</Filter>
    </ClCompile>
    <ClCompile Include="src\System\Window\KdGameWindow.cpp">
      <Filter>Src\System\Window</Filter>
    </ClCompile>
    <ClCompile Include="Src\Application\Scene.cpp">
      <Filter>Src\Application</Filter>
    </ClCompile>
    <ClCompile Include="Src\Application\Scene\SceneManager.cpp">
      <Filter>Src\Application\Scene</Filter>
    </ClCompile>
    <ClCompile Include="Src\Application\Scene\GameScene\GameScene.cpp">
      <Filter>Src\Application\Scene\GameScene</Filter>
    </ClCompile>
    <ClCompile Include="Src\Application\Scene\TitleScene\TitleScene.cpp">
      <Filter>Src\Application\Scene\TitleScene</Filter>
    </ClCompile>
    <ClCompile Include="Src\Application\Scene\BaseScene.cpp">
      <Filter>Src\Application\Scene</Filter>
    </ClCompile>
    <ClCompile Include="Src\Application\Scene\GameScene\Object\Player\Player.cpp">
      <Filter>Src\Application\Scene\GameScene\Object\Player</Filter>
    </ClCompile>
    <ClCompile Include="Src\Application\Scene\GameScene\Object\BaseObject.cpp">
      <Filter>Src\Application\Scene\GameScene\Object</Filter>
    </ClCompile>
    <ClCompile Include="Src\Application\Scene\GameScene\Object\Back\Back.cpp">
      <Filter>Src\Application\Scene\GameScene\Object\Back</Filter>
    </ClCompile>
    <ClCompile Include="Src\Application\Scene\GameScene\Object\Bullet\Bullet.cpp">
      <Filter>Src\Application\Scene\GameScene\Object\Bullet</Filter>
    </ClCompile>
    <ClCompile Include="Src\Application\Scene\GameScene\Object\Bullet\BulletManager.cpp">
      <Filter>Src\Application\Scene\GameScene\Object\Bullet</Filter>
    </ClCompile>
    <ClCompile Include="Src\Application\Scene\GameScene\Object\Enemy\Enemy1\Enemy1.cpp">
      <Filter>Src\Application\Scene\GameScene\Object\Enemy\Enemy1</Filter>
    </ClCompile>
    <ClCompile Include="Src\Application\Scene\GameScene\Collision\CollisionManager.cpp">
      <Filter>Src\Application\Scene\GameScene\Collision</Filter>
    </ClCompile>
    <ClCompile Include="Src\Application\Scene\GameScene\Object\Enemy\Enemy2\Enemy2.cpp">
      <Filter>Src\Application\Scene\GameScene\Object\Enemy\Enemy2</Filter>
    </ClCompile>
    <ClCompile Include="Src\Application\Scene\GameScene\Object\Enemy\Enemy3\Enemy3.cpp">
      <Filter>Src\Application\Scene\GameScene\Object\Enemy\Enemy3</Filter>
    </ClCompile>
    <ClCompile Include="Src\Application\Scene\GameScene\Object\Rocket\Rocket.cpp">
      <Filter>Src\Application\Scene\GameScene\Object\Rocket</Filter>
    </ClCompile>
    <ClCompile Include="Src\Application\Scene\GameScene\Object\Item\Energy\Energy.cpp">
      <Filter>Src\Application\Scene\GameScene\Object\Item\Energy</Filter>
    </ClCompile>
    <ClCompile Include="Src\Application\Scene\GameScene\Object\Enemy\EnemyManager.cpp">
      <Filter>Src\Application\Scene\GameScene\Object\Enemy</Filter>
    </ClCompile>
    <ClCompile Include="Src\Application\Scene\GameScene\UI\UIManager.cpp">
      <Filter>Src\Application\Scene\GameScene\UI</Filter>
    </ClCompile>
  </ItemGroup>
  <ItemGroup>
    <Text Include="説明.txt" />
  </ItemGroup>
  <ItemGroup>
    <None Include="Src\System\Shader\EffectShader\inc_KdEffectShader.hlsli">
      <Filter>Src\System\Shader\EffectShader</Filter>
    </None>
    <None Include="Src\System\Shader\inc_KdCommon.hlsli">
      <Filter>Src\System\Shader</Filter>
    </None>
    <None Include="Src\System\Shader\SpriteShader\inc_KdSpriteShader.hlsli">
      <Filter>Src\System\Shader\SpriteShader</Filter>
    </None>
    <None Include="Src\System\Shader\StandardShader\inc_KdStandardShader.hlsli">
      <Filter>Src\System\Shader\StandardShader</Filter>
    </None>
  </ItemGroup>
  <ItemGroup>
    <FxCompile Include="Src\System\Shader\EffectShader\KdEffectShader_PS.hlsl">
      <Filter>Src\System\Shader\EffectShader</Filter>
    </FxCompile>
    <FxCompile Include="Src\System\Shader\EffectShader\KdEffectShader_VS.hlsl">
      <Filter>Src\System\Shader\EffectShader</Filter>
    </FxCompile>
    <FxCompile Include="Src\System\Shader\SpriteShader\KdSpriteShader_PS.hlsl">
      <Filter>Src\System\Shader\SpriteShader</Filter>
    </FxCompile>
    <FxCompile Include="Src\System\Shader\SpriteShader\KdSpriteShader_VS.hlsl">
      <Filter>Src\System\Shader\SpriteShader</Filter>
    </FxCompile>
    <FxCompile Include="Src\System\Shader\StandardShader\KdStandardShader_PS.hlsl">
      <Filter>Src\System\Shader\StandardShader</Filter>
    </FxCompile>
    <FxCompile Include="Src\System\Shader\StandardShader\KdStandardShader_VS.hlsl">
      <Filter>Src\System\Shader\StandardShader</Filter>
    </FxCompile>
  </ItemGroup>
</Project>